// !$*UTF8*$!
{
	archiveVersion = 1;
	classes = {
	};
	objectVersion = 56;
	objects = {

/* Begin PBXBuildFile section */
		CC0331242ABD5DFF00229900 /* ChatroomButtonTableViewCell.swift in Sources */ = {isa = PBXBuildFile; fileRef = CC0331232ABD5DFF00229900 /* ChatroomButtonTableViewCell.swift */; };
		CC0331262ABDA5F200229900 /* posDataToFirebase.swift in Sources */ = {isa = PBXBuildFile; fileRef = CC0331252ABDA5F200229900 /* posDataToFirebase.swift */; };
		CC0331282ABDA6F900229900 /* Show.swift in Sources */ = {isa = PBXBuildFile; fileRef = CC0331272ABDA6F900229900 /* Show.swift */; };
		CC03312A2ABEE70700229900 /* CustomLabel.swift in Sources */ = {isa = PBXBuildFile; fileRef = CC0331292ABEE70700229900 /* CustomLabel.swift */; };
		CC03312C2AC16D5700229900 /* BulletChatTextFieldTableViewCell.swift in Sources */ = {isa = PBXBuildFile; fileRef = CC03312B2AC16D5700229900 /* BulletChatTextFieldTableViewCell.swift */; };
		CC03312F2AC2B05B00229900 /* MyData.xcdatamodeld in Sources */ = {isa = PBXBuildFile; fileRef = CC03312D2AC2B05B00229900 /* MyData.xcdatamodeld */; };
		CC0BF1AB2AB00BF60075203C /* AppDelegate.swift in Sources */ = {isa = PBXBuildFile; fileRef = CC0BF1AA2AB00BF60075203C /* AppDelegate.swift */; };
		CC0BF1AD2AB00BF60075203C /* SceneDelegate.swift in Sources */ = {isa = PBXBuildFile; fileRef = CC0BF1AC2AB00BF60075203C /* SceneDelegate.swift */; };
		CC0BF1AF2AB00BF60075203C /* SearchViewController.swift in Sources */ = {isa = PBXBuildFile; fileRef = CC0BF1AE2AB00BF60075203C /* SearchViewController.swift */; };
		CC0BF1B42AB00BF70075203C /* Assets.xcassets in Resources */ = {isa = PBXBuildFile; fileRef = CC0BF1B32AB00BF70075203C /* Assets.xcassets */; };
		CC0BF1B72AB00BF70075203C /* LaunchScreen.storyboard in Resources */ = {isa = PBXBuildFile; fileRef = CC0BF1B52AB00BF70075203C /* LaunchScreen.storyboard */; };
		CC0BF1BF2AB010080075203C /* TabBarController.swift in Sources */ = {isa = PBXBuildFile; fileRef = CC0BF1BE2AB010080075203C /* TabBarController.swift */; };
		CC0BF1C12AB0120B0075203C /* UIImage+Extension.swift in Sources */ = {isa = PBXBuildFile; fileRef = CC0BF1C02AB0120B0075203C /* UIImage+Extension.swift */; };
		CC0BF1C52AB014C10075203C /* HomeViewController.swift in Sources */ = {isa = PBXBuildFile; fileRef = CC0BF1C42AB014C10075203C /* HomeViewController.swift */; };
		CC0BF1C72AB02AF80075203C /* FavoriteViewController.swift in Sources */ = {isa = PBXBuildFile; fileRef = CC0BF1C62AB02AF80075203C /* FavoriteViewController.swift */; };
		CC0BF1C92AB02BBA0075203C /* UINavigationController+Extension.swift in Sources */ = {isa = PBXBuildFile; fileRef = CC0BF1C82AB02BBA0075203C /* UINavigationController+Extension.swift */; };
		CC0BF1CB2AB02E010075203C /* ProfileViewController.swift in Sources */ = {isa = PBXBuildFile; fileRef = CC0BF1CA2AB02E010075203C /* ProfileViewController.swift */; };
		CC0BF1CD2AB036BD0075203C /* PlayerViewController.swift in Sources */ = {isa = PBXBuildFile; fileRef = CC0BF1CC2AB036BD0075203C /* PlayerViewController.swift */; };
		CC0BF1D02AB03DC30075203C /* KingFisherWrapper.swift in Sources */ = {isa = PBXBuildFile; fileRef = CC0BF1CF2AB03DC30075203C /* KingFisherWrapper.swift */; };
		CC0BF1D32AB0553D0075203C /* Constants.swift in Sources */ = {isa = PBXBuildFile; fileRef = CC0BF1D22AB0553D0075203C /* Constants.swift */; };
		CC0BF1D92AB1B1300075203C /* HTTPClientManager.swift in Sources */ = {isa = PBXBuildFile; fileRef = CC0BF1D82AB1B1300075203C /* HTTPClientManager.swift */; };
		CC0BF1DD2AB1B6880075203C /* YoutubeRequest.swift in Sources */ = {isa = PBXBuildFile; fileRef = CC0BF1DC2AB1B6880075203C /* YoutubeRequest.swift */; };
		CC0BF1DF2AB1B8130075203C /* Video.swift in Sources */ = {isa = PBXBuildFile; fileRef = CC0BF1DE2AB1B8130075203C /* Video.swift */; };
		CC0BF1E22AB1BAE20075203C /* Bundle+Extension.swift in Sources */ = {isa = PBXBuildFile; fileRef = CC0BF1E12AB1BAE20075203C /* Bundle+Extension.swift */; };
		CC0BF1EA2AB1E4880075203C /* GoogleService-Info.plist in Resources */ = {isa = PBXBuildFile; fileRef = CC0BF1E92AB1E4880075203C /* GoogleService-Info.plist */; };
		CC0BF1EC2AB2CA0A0075203C /* YoutubeData.swift in Sources */ = {isa = PBXBuildFile; fileRef = CC0BF1EB2AB2CA0A0075203C /* YoutubeData.swift */; };
		CC0BF1F62AB418E40075203C /* HomeAnimationTableViewCell.swift in Sources */ = {isa = PBXBuildFile; fileRef = CC0BF1F52AB418E40075203C /* HomeAnimationTableViewCell.swift */; };
		CC0BF1F82AB441830075203C /* HomePageCollectionViewCell.swift in Sources */ = {isa = PBXBuildFile; fileRef = CC0BF1F72AB441830075203C /* HomePageCollectionViewCell.swift */; };
		CC0BF1FA2AB446860075203C /* CollectionTableViewCell.swift in Sources */ = {isa = PBXBuildFile; fileRef = CC0BF1F92AB446860075203C /* CollectionTableViewCell.swift */; };
		CC0BF1FE2AB5E7BC0075203C /* BulletChat.swift in Sources */ = {isa = PBXBuildFile; fileRef = CC0BF1FD2AB5E7BC0075203C /* BulletChat.swift */; };
		CC1CCA652AC2B4B80010C63C /* StorageManager.swift in Sources */ = {isa = PBXBuildFile; fileRef = CC1CCA642AC2B4B80010C63C /* StorageManager.swift */; };
		CC1CCA892AC428C90010C63C /* String+Extension.swift in Sources */ = {isa = PBXBuildFile; fileRef = CC1CCA882AC428C90010C63C /* String+Extension.swift */; };
		CC1CCA982AC9486A0010C63C /* ShowTableViewCell.swift in Sources */ = {isa = PBXBuildFile; fileRef = CC1CCA972AC9486A0010C63C /* ShowTableViewCell.swift */; };
		CC1CCA9B2ACAF7BC0010C63C /* ProfileTitleTableViewCell.swift in Sources */ = {isa = PBXBuildFile; fileRef = CC1CCA9A2ACAF7BC0010C63C /* ProfileTitleTableViewCell.swift */; };
		CC1CCA9F2ACE8C3D0010C63C /* KeychainItem.swift in Sources */ = {isa = PBXBuildFile; fileRef = CC1CCA9E2ACE8C3D0010C63C /* KeychainItem.swift */; };
		CC755A8B2ACFD3D300B6CF1E /* UserInfoManager.swift in Sources */ = {isa = PBXBuildFile; fileRef = CC755A8A2ACFD3D300B6CF1E /* UserInfoManager.swift */; };
		CC755A8D2ACFE73700B6CF1E /* SignInWithTableViewCell.swift in Sources */ = {isa = PBXBuildFile; fileRef = CC755A8C2ACFE73700B6CF1E /* SignInWithTableViewCell.swift */; };
		CC755A8F2AD3038700B6CF1E /* DeleteTableViewCell.swift in Sources */ = {isa = PBXBuildFile; fileRef = CC755A8E2AD3038700B6CF1E /* DeleteTableViewCell.swift */; };
		CC755A922AD7D06D00B6CF1E /* CopyRightViewController.swift in Sources */ = {isa = PBXBuildFile; fileRef = CC755A912AD7D06D00B6CF1E /* CopyRightViewController.swift */; };
		CC755A942AD7E6FF00B6CF1E /* MJRefreshWrapper.swift in Sources */ = {isa = PBXBuildFile; fileRef = CC755A932AD7E6FF00B6CF1E /* MJRefreshWrapper.swift */; };
		CC755A982AD923BE00B6CF1E /* TimeFormatter.swift in Sources */ = {isa = PBXBuildFile; fileRef = CC755A972AD923BE00B6CF1E /* TimeFormatter.swift */; };
		CC755A9E2ADD840100B6CF1E /* notFound.json in Resources */ = {isa = PBXBuildFile; fileRef = CC755A9D2ADD840100B6CF1E /* notFound.json */; };
		CC755AA02AE24C5800B6CF1E /* UIAlertController+Extension.swift in Sources */ = {isa = PBXBuildFile; fileRef = CC755A9F2AE24C5800B6CF1E /* UIAlertController+Extension.swift */; };
		CC755AA52AE397C500B6CF1E /* UITableView+Extension.swift in Sources */ = {isa = PBXBuildFile; fileRef = CC755AA42AE397C500B6CF1E /* UITableView+Extension.swift */; };
		CC755AA72AE39C1C00B6CF1E /* CustomTableView.swift in Sources */ = {isa = PBXBuildFile; fileRef = CC755AA62AE39C1C00B6CF1E /* CustomTableView.swift */; };
		CC755AA92AE4DF9B00B6CF1E /* LogInManager.swift in Sources */ = {isa = PBXBuildFile; fileRef = CC755AA82AE4DF9B00B6CF1E /* LogInManager.swift */; };
		CC755ADA2AE61F8B00B6CF1E /* User.swift in Sources */ = {isa = PBXBuildFile; fileRef = CC755AD92AE61F8B00B6CF1E /* User.swift */; };
		CC963C082AB6F9A20047EEFA /* ChatData.swift in Sources */ = {isa = PBXBuildFile; fileRef = CC963C072AB6F9A20047EEFA /* ChatData.swift */; };
		CC963C0A2AB7F8BE0047EEFA /* FirestoreManager.swift in Sources */ = {isa = PBXBuildFile; fileRef = CC963C092AB7F8BE0047EEFA /* FirestoreManager.swift */; };
		CC963C0C2AB835890047EEFA /* ChatroomViewController.swift in Sources */ = {isa = PBXBuildFile; fileRef = CC963C0B2AB835890047EEFA /* ChatroomViewController.swift */; };
		CC963C0E2AB84A260047EEFA /* CustomTextField.swift in Sources */ = {isa = PBXBuildFile; fileRef = CC963C0D2AB84A260047EEFA /* CustomTextField.swift */; };
		CC963C102AB898F90047EEFA /* ChatroomTableViewCell.swift in Sources */ = {isa = PBXBuildFile; fileRef = CC963C0F2AB898F90047EEFA /* ChatroomTableViewCell.swift */; };
		CC963C122AB8A3190047EEFA /* UIColor+Extension.swift in Sources */ = {isa = PBXBuildFile; fileRef = CC963C112AB8A3190047EEFA /* UIColor+Extension.swift */; };
		CC963C172AB92F7D0047EEFA /* Delegate.swift in Sources */ = {isa = PBXBuildFile; fileRef = CC963C162AB92F7D0047EEFA /* Delegate.swift */; };
		CC963C192AB951180047EEFA /* CustomButton.swift in Sources */ = {isa = PBXBuildFile; fileRef = CC963C182AB951180047EEFA /* CustomButton.swift */; };
		CC963C1B2AB96B5C0047EEFA /* Observable.swift in Sources */ = {isa = PBXBuildFile; fileRef = CC963C1A2AB96B5C0047EEFA /* Observable.swift */; };
		CC963C1E2AB996D50047EEFA /* ChatroomViewModel.swift in Sources */ = {isa = PBXBuildFile; fileRef = CC963C1D2AB996D50047EEFA /* ChatroomViewModel.swift */; };
		CC963C242ABAD6250047EEFA /* UIWindow+Extension.swift in Sources */ = {isa = PBXBuildFile; fileRef = CC963C232ABAD6250047EEFA /* UIWindow+Extension.swift */; };
		D771EE5AE27EFCD24467E910 /* Pods_MonkeyTV.framework in Frameworks */ = {isa = PBXBuildFile; fileRef = 7839ED4794885FD18774A395 /* Pods_MonkeyTV.framework */; };
/* End PBXBuildFile section */

/* Begin PBXFileReference section */
		7839ED4794885FD18774A395 /* Pods_MonkeyTV.framework */ = {isa = PBXFileReference; explicitFileType = wrapper.framework; includeInIndex = 0; path = Pods_MonkeyTV.framework; sourceTree = BUILT_PRODUCTS_DIR; };
		96BC0DE3366625A013AA3A3E /* Pods-MonkeyTV.debug.xcconfig */ = {isa = PBXFileReference; includeInIndex = 1; lastKnownFileType = text.xcconfig; name = "Pods-MonkeyTV.debug.xcconfig"; path = "Target Support Files/Pods-MonkeyTV/Pods-MonkeyTV.debug.xcconfig"; sourceTree = "<group>"; };
		CC0331232ABD5DFF00229900 /* ChatroomButtonTableViewCell.swift */ = {isa = PBXFileReference; lastKnownFileType = sourcecode.swift; path = ChatroomButtonTableViewCell.swift; sourceTree = "<group>"; };
		CC0331252ABDA5F200229900 /* posDataToFirebase.swift */ = {isa = PBXFileReference; lastKnownFileType = sourcecode.swift; path = posDataToFirebase.swift; sourceTree = "<group>"; };
		CC0331272ABDA6F900229900 /* Show.swift */ = {isa = PBXFileReference; lastKnownFileType = sourcecode.swift; path = Show.swift; sourceTree = "<group>"; };
		CC0331292ABEE70700229900 /* CustomLabel.swift */ = {isa = PBXFileReference; lastKnownFileType = sourcecode.swift; path = CustomLabel.swift; sourceTree = "<group>"; };
		CC03312B2AC16D5700229900 /* BulletChatTextFieldTableViewCell.swift */ = {isa = PBXFileReference; lastKnownFileType = sourcecode.swift; path = BulletChatTextFieldTableViewCell.swift; sourceTree = "<group>"; };
		CC03312E2AC2B05B00229900 /* MyData.xcdatamodel */ = {isa = PBXFileReference; lastKnownFileType = wrapper.xcdatamodel; path = MyData.xcdatamodel; sourceTree = "<group>"; };
		CC0BF1AA2AB00BF60075203C /* AppDelegate.swift */ = {isa = PBXFileReference; lastKnownFileType = sourcecode.swift; path = AppDelegate.swift; sourceTree = "<group>"; };
		CC0BF1AC2AB00BF60075203C /* SceneDelegate.swift */ = {isa = PBXFileReference; lastKnownFileType = sourcecode.swift; path = SceneDelegate.swift; sourceTree = "<group>"; };
		CC0BF1AE2AB00BF60075203C /* SearchViewController.swift */ = {isa = PBXFileReference; lastKnownFileType = sourcecode.swift; path = SearchViewController.swift; sourceTree = "<group>"; };
		CC0BF1B32AB00BF70075203C /* Assets.xcassets */ = {isa = PBXFileReference; lastKnownFileType = folder.assetcatalog; path = Assets.xcassets; sourceTree = "<group>"; };
		CC0BF1B62AB00BF70075203C /* Base */ = {isa = PBXFileReference; lastKnownFileType = file.storyboard; name = Base; path = Base.lproj/LaunchScreen.storyboard; sourceTree = "<group>"; };
		CC0BF1B82AB00BF70075203C /* Info.plist */ = {isa = PBXFileReference; lastKnownFileType = text.plist.xml; path = Info.plist; sourceTree = "<group>"; };
		CC0BF1BE2AB010080075203C /* TabBarController.swift */ = {isa = PBXFileReference; lastKnownFileType = sourcecode.swift; path = TabBarController.swift; sourceTree = "<group>"; };
		CC0BF1C02AB0120B0075203C /* UIImage+Extension.swift */ = {isa = PBXFileReference; lastKnownFileType = sourcecode.swift; path = "UIImage+Extension.swift"; sourceTree = "<group>"; };
		CC0BF1C42AB014C10075203C /* HomeViewController.swift */ = {isa = PBXFileReference; lastKnownFileType = sourcecode.swift; path = HomeViewController.swift; sourceTree = "<group>"; };
		CC0BF1C62AB02AF80075203C /* FavoriteViewController.swift */ = {isa = PBXFileReference; lastKnownFileType = sourcecode.swift; path = FavoriteViewController.swift; sourceTree = "<group>"; };
		CC0BF1C82AB02BBA0075203C /* UINavigationController+Extension.swift */ = {isa = PBXFileReference; lastKnownFileType = sourcecode.swift; path = "UINavigationController+Extension.swift"; sourceTree = "<group>"; };
		CC0BF1CA2AB02E010075203C /* ProfileViewController.swift */ = {isa = PBXFileReference; lastKnownFileType = sourcecode.swift; path = ProfileViewController.swift; sourceTree = "<group>"; };
		CC0BF1CC2AB036BD0075203C /* PlayerViewController.swift */ = {isa = PBXFileReference; lastKnownFileType = sourcecode.swift; path = PlayerViewController.swift; sourceTree = "<group>"; };
		CC0BF1CF2AB03DC30075203C /* KingFisherWrapper.swift */ = {isa = PBXFileReference; fileEncoding = 4; lastKnownFileType = sourcecode.swift; name = KingFisherWrapper.swift; path = "../../../Stylish-iOS/STYLiSH/Third Party Wrappers/KingFisherWrapper.swift"; sourceTree = "<group>"; };
		CC0BF1D22AB0553D0075203C /* Constants.swift */ = {isa = PBXFileReference; lastKnownFileType = sourcecode.swift; path = Constants.swift; sourceTree = "<group>"; };
		CC0BF1D82AB1B1300075203C /* HTTPClientManager.swift */ = {isa = PBXFileReference; lastKnownFileType = sourcecode.swift; path = HTTPClientManager.swift; sourceTree = "<group>"; };
		CC0BF1DC2AB1B6880075203C /* YoutubeRequest.swift */ = {isa = PBXFileReference; lastKnownFileType = sourcecode.swift; path = YoutubeRequest.swift; sourceTree = "<group>"; };
		CC0BF1DE2AB1B8130075203C /* Video.swift */ = {isa = PBXFileReference; lastKnownFileType = sourcecode.swift; path = Video.swift; sourceTree = "<group>"; };
		CC0BF1E12AB1BAE20075203C /* Bundle+Extension.swift */ = {isa = PBXFileReference; lastKnownFileType = sourcecode.swift; path = "Bundle+Extension.swift"; sourceTree = "<group>"; };
		CC0BF1E92AB1E4880075203C /* GoogleService-Info.plist */ = {isa = PBXFileReference; fileEncoding = 4; lastKnownFileType = text.plist.xml; path = "GoogleService-Info.plist"; sourceTree = "<group>"; };
		CC0BF1EB2AB2CA0A0075203C /* YoutubeData.swift */ = {isa = PBXFileReference; lastKnownFileType = sourcecode.swift; path = YoutubeData.swift; sourceTree = "<group>"; };
		CC0BF1F52AB418E40075203C /* HomeAnimationTableViewCell.swift */ = {isa = PBXFileReference; lastKnownFileType = sourcecode.swift; path = HomeAnimationTableViewCell.swift; sourceTree = "<group>"; };
		CC0BF1F72AB441830075203C /* HomePageCollectionViewCell.swift */ = {isa = PBXFileReference; lastKnownFileType = sourcecode.swift; path = HomePageCollectionViewCell.swift; sourceTree = "<group>"; };
		CC0BF1F92AB446860075203C /* CollectionTableViewCell.swift */ = {isa = PBXFileReference; lastKnownFileType = sourcecode.swift; path = CollectionTableViewCell.swift; sourceTree = "<group>"; };
		CC0BF1FD2AB5E7BC0075203C /* BulletChat.swift */ = {isa = PBXFileReference; lastKnownFileType = sourcecode.swift; path = BulletChat.swift; sourceTree = "<group>"; };
		CC1CCA642AC2B4B80010C63C /* StorageManager.swift */ = {isa = PBXFileReference; lastKnownFileType = sourcecode.swift; path = StorageManager.swift; sourceTree = "<group>"; };
		CC1CCA882AC428C90010C63C /* String+Extension.swift */ = {isa = PBXFileReference; lastKnownFileType = sourcecode.swift; path = "String+Extension.swift"; sourceTree = "<group>"; };
		CC1CCA972AC9486A0010C63C /* ShowTableViewCell.swift */ = {isa = PBXFileReference; lastKnownFileType = sourcecode.swift; path = ShowTableViewCell.swift; sourceTree = "<group>"; };
		CC1CCA9A2ACAF7BC0010C63C /* ProfileTitleTableViewCell.swift */ = {isa = PBXFileReference; lastKnownFileType = sourcecode.swift; path = ProfileTitleTableViewCell.swift; sourceTree = "<group>"; };
		CC1CCA9D2ACBB8F30010C63C /* MonkeyTV.entitlements */ = {isa = PBXFileReference; lastKnownFileType = text.plist.entitlements; path = MonkeyTV.entitlements; sourceTree = "<group>"; };
		CC1CCA9E2ACE8C3D0010C63C /* KeychainItem.swift */ = {isa = PBXFileReference; lastKnownFileType = sourcecode.swift; path = KeychainItem.swift; sourceTree = "<group>"; };
		CC755A8A2ACFD3D300B6CF1E /* UserInfoManager.swift */ = {isa = PBXFileReference; lastKnownFileType = sourcecode.swift; path = UserInfoManager.swift; sourceTree = "<group>"; };
		CC755A8C2ACFE73700B6CF1E /* SignInWithTableViewCell.swift */ = {isa = PBXFileReference; lastKnownFileType = sourcecode.swift; path = SignInWithTableViewCell.swift; sourceTree = "<group>"; };
		CC755A8E2AD3038700B6CF1E /* DeleteTableViewCell.swift */ = {isa = PBXFileReference; lastKnownFileType = sourcecode.swift; path = DeleteTableViewCell.swift; sourceTree = "<group>"; };
		CC755A912AD7D06D00B6CF1E /* CopyRightViewController.swift */ = {isa = PBXFileReference; lastKnownFileType = sourcecode.swift; path = CopyRightViewController.swift; sourceTree = "<group>"; };
		CC755A932AD7E6FF00B6CF1E /* MJRefreshWrapper.swift */ = {isa = PBXFileReference; lastKnownFileType = sourcecode.swift; path = MJRefreshWrapper.swift; sourceTree = "<group>"; };
		CC755A972AD923BE00B6CF1E /* TimeFormatter.swift */ = {isa = PBXFileReference; lastKnownFileType = sourcecode.swift; path = TimeFormatter.swift; sourceTree = "<group>"; };
		CC755A9D2ADD840100B6CF1E /* notFound.json */ = {isa = PBXFileReference; fileEncoding = 4; lastKnownFileType = text.json; name = notFound.json; path = ../../../../Downloads/notFound.json; sourceTree = "<group>"; };
		CC755A9F2AE24C5800B6CF1E /* UIAlertController+Extension.swift */ = {isa = PBXFileReference; lastKnownFileType = sourcecode.swift; path = "UIAlertController+Extension.swift"; sourceTree = "<group>"; };
		CC755AA42AE397C500B6CF1E /* UITableView+Extension.swift */ = {isa = PBXFileReference; lastKnownFileType = sourcecode.swift; path = "UITableView+Extension.swift"; sourceTree = "<group>"; };
		CC755AA62AE39C1C00B6CF1E /* CustomTableView.swift */ = {isa = PBXFileReference; lastKnownFileType = sourcecode.swift; path = CustomTableView.swift; sourceTree = "<group>"; };
		CC755AA82AE4DF9B00B6CF1E /* LogInManager.swift */ = {isa = PBXFileReference; lastKnownFileType = sourcecode.swift; path = LogInManager.swift; sourceTree = "<group>"; };
		CC755AD22AE614A100B6CF1E /* MonkeyTVUinitTests.swift */ = {isa = PBXFileReference; lastKnownFileType = sourcecode.swift; path = MonkeyTVUinitTests.swift; sourceTree = "<group>"; };
		CC755AD92AE61F8B00B6CF1E /* User.swift */ = {isa = PBXFileReference; lastKnownFileType = sourcecode.swift; path = User.swift; sourceTree = "<group>"; };
		CC755AE12AE64A8500B6CF1E /* MonkeyTVLogInTests.swift */ = {isa = PBXFileReference; lastKnownFileType = sourcecode.swift; path = MonkeyTVLogInTests.swift; sourceTree = "<group>"; };
		CC755AEE2AE65C2A00B6CF1E /* MonkeyTVPlayerPageTests.swift */ = {isa = PBXFileReference; lastKnownFileType = sourcecode.swift; path = MonkeyTVPlayerPageTests.swift; sourceTree = "<group>"; };
		CC755AF02AE65C2A00B6CF1E /* MonkeyTVPlayerPageTestsLaunchTests.swift */ = {isa = PBXFileReference; lastKnownFileType = sourcecode.swift; path = MonkeyTVPlayerPageTestsLaunchTests.swift; sourceTree = "<group>"; };
		CC963C072AB6F9A20047EEFA /* ChatData.swift */ = {isa = PBXFileReference; lastKnownFileType = sourcecode.swift; path = ChatData.swift; sourceTree = "<group>"; };
		CC963C092AB7F8BE0047EEFA /* FirestoreManager.swift */ = {isa = PBXFileReference; lastKnownFileType = sourcecode.swift; path = FirestoreManager.swift; sourceTree = "<group>"; };
		CC963C0B2AB835890047EEFA /* ChatroomViewController.swift */ = {isa = PBXFileReference; lastKnownFileType = sourcecode.swift; path = ChatroomViewController.swift; sourceTree = "<group>"; };
		CC963C0D2AB84A260047EEFA /* CustomTextField.swift */ = {isa = PBXFileReference; lastKnownFileType = sourcecode.swift; path = CustomTextField.swift; sourceTree = "<group>"; };
		CC963C0F2AB898F90047EEFA /* ChatroomTableViewCell.swift */ = {isa = PBXFileReference; lastKnownFileType = sourcecode.swift; path = ChatroomTableViewCell.swift; sourceTree = "<group>"; };
		CC963C112AB8A3190047EEFA /* UIColor+Extension.swift */ = {isa = PBXFileReference; lastKnownFileType = sourcecode.swift; path = "UIColor+Extension.swift"; sourceTree = "<group>"; };
		CC963C162AB92F7D0047EEFA /* Delegate.swift */ = {isa = PBXFileReference; lastKnownFileType = sourcecode.swift; path = Delegate.swift; sourceTree = "<group>"; };
		CC963C182AB951180047EEFA /* CustomButton.swift */ = {isa = PBXFileReference; lastKnownFileType = sourcecode.swift; path = CustomButton.swift; sourceTree = "<group>"; };
		CC963C1A2AB96B5C0047EEFA /* Observable.swift */ = {isa = PBXFileReference; lastKnownFileType = sourcecode.swift; path = Observable.swift; sourceTree = "<group>"; };
		CC963C1D2AB996D50047EEFA /* ChatroomViewModel.swift */ = {isa = PBXFileReference; lastKnownFileType = sourcecode.swift; path = ChatroomViewModel.swift; sourceTree = "<group>"; };
		CC963C232ABAD6250047EEFA /* UIWindow+Extension.swift */ = {isa = PBXFileReference; lastKnownFileType = sourcecode.swift; path = "UIWindow+Extension.swift"; sourceTree = "<group>"; };
		CCAA41652AE76AD200F1510D /* MonkeyTV.app */ = {isa = PBXFileReference; explicitFileType = wrapper.application; includeInIndex = 0; path = MonkeyTV.app; sourceTree = BUILT_PRODUCTS_DIR; };
		FF8BDDBFDFA3DCDE6647F563 /* Pods-MonkeyTV.release.xcconfig */ = {isa = PBXFileReference; includeInIndex = 1; lastKnownFileType = text.xcconfig; name = "Pods-MonkeyTV.release.xcconfig"; path = "Target Support Files/Pods-MonkeyTV/Pods-MonkeyTV.release.xcconfig"; sourceTree = "<group>"; };
/* End PBXFileReference section */

/* Begin PBXFrameworksBuildPhase section */
		CC0BF1A42AB00BF60075203C /* Frameworks */ = {
			isa = PBXFrameworksBuildPhase;
			buildActionMask = 2147483647;
			files = (
				D771EE5AE27EFCD24467E910 /* Pods_MonkeyTV.framework in Frameworks */,
			);
			runOnlyForDeploymentPostprocessing = 0;
		};
/* End PBXFrameworksBuildPhase section */

/* Begin PBXGroup section */
		930EC078E689AC759C01C47B /* Frameworks */ = {
			isa = PBXGroup;
			children = (
				7839ED4794885FD18774A395 /* Pods_MonkeyTV.framework */,
			);
			name = Frameworks;
			sourceTree = "<group>";
		};
		BDDF742B41051EABE8D6BBDA /* Pods */ = {
			isa = PBXGroup;
			children = (
				96BC0DE3366625A013AA3A3E /* Pods-MonkeyTV.debug.xcconfig */,
				FF8BDDBFDFA3DCDE6647F563 /* Pods-MonkeyTV.release.xcconfig */,
			);
			path = Pods;
			sourceTree = "<group>";
		};
		CC0BF19E2AB00BF60075203C = {
			isa = PBXGroup;
			children = (
				CC0BF1A92AB00BF60075203C /* MonkeyTV */,
				CC755AD12AE614A000B6CF1E /* MonkeyTVUinitTests */,
				CC755AE02AE64A8500B6CF1E /* MonkeyTVLogInTests */,
				CC755AED2AE65C2A00B6CF1E /* MonkeyTVPlayerPageTests */,
				BDDF742B41051EABE8D6BBDA /* Pods */,
				930EC078E689AC759C01C47B /* Frameworks */,
				CCAA41652AE76AD200F1510D /* MonkeyTV.app */,
			);
			sourceTree = "<group>";
		};
		CC0BF1A92AB00BF60075203C /* MonkeyTV */ = {
			isa = PBXGroup;
			children = (
				CC1CCA9D2ACBB8F30010C63C /* MonkeyTV.entitlements */,
				CC0BF1B82AB00BF70075203C /* Info.plist */,
				CC755A992ADD80C100B6CF1E /* Supporting Files */,
				CC755A9A2ADD819A00B6CF1E /* Assets */,
				CC0BF1C32AB014920075203C /* Controllers */,
				CC0BF1F32AB2F3B00075203C /* Helpers */,
				CC0BF1CE2AB03D730075203C /* Third Party Wrappers */,
				CC755AA32AE3912100B6CF1E /* Custom */,
				CC0BF1C22AB014000075203C /* Extensions */,
				CC0BF1E02AB1B8190075203C /* Model */,
				CC0BF1D42AB055450075203C /* Constants */,
				CC0BF1D12AB052B40075203C /* Manager */,
				CC963C1C2AB996BA0047EEFA /* ViewModel */,
				CC0BF1F42AB418CA0075203C /* Cells */,
				CC03312D2AC2B05B00229900 /* MyData.xcdatamodeld */,
			);
			path = MonkeyTV;
			sourceTree = "<group>";
		};
		CC0BF1C22AB014000075203C /* Extensions */ = {
			isa = PBXGroup;
			children = (
				CC0BF1C02AB0120B0075203C /* UIImage+Extension.swift */,
				CC0BF1C82AB02BBA0075203C /* UINavigationController+Extension.swift */,
				CC0BF1E12AB1BAE20075203C /* Bundle+Extension.swift */,
				CC963C112AB8A3190047EEFA /* UIColor+Extension.swift */,
				CC963C232ABAD6250047EEFA /* UIWindow+Extension.swift */,
				CC1CCA882AC428C90010C63C /* String+Extension.swift */,
				CC755A9F2AE24C5800B6CF1E /* UIAlertController+Extension.swift */,
				CC755AA42AE397C500B6CF1E /* UITableView+Extension.swift */,
			);
			path = Extensions;
			sourceTree = "<group>";
		};
		CC0BF1C32AB014920075203C /* Controllers */ = {
			isa = PBXGroup;
			children = (
				CC0BF1BE2AB010080075203C /* TabBarController.swift */,
				CC0BF1C42AB014C10075203C /* HomeViewController.swift */,
				CC0BF1CC2AB036BD0075203C /* PlayerViewController.swift */,
				CC963C0B2AB835890047EEFA /* ChatroomViewController.swift */,
				CC0BF1AE2AB00BF60075203C /* SearchViewController.swift */,
				CC0BF1C62AB02AF80075203C /* FavoriteViewController.swift */,
				CC0BF1CA2AB02E010075203C /* ProfileViewController.swift */,
				CC755A912AD7D06D00B6CF1E /* CopyRightViewController.swift */,
			);
			path = Controllers;
			sourceTree = "<group>";
		};
		CC0BF1CE2AB03D730075203C /* Third Party Wrappers */ = {
			isa = PBXGroup;
			children = (
				CC0BF1CF2AB03DC30075203C /* KingFisherWrapper.swift */,
				CC755A932AD7E6FF00B6CF1E /* MJRefreshWrapper.swift */,
			);
			path = "Third Party Wrappers";
			sourceTree = "<group>";
		};
		CC0BF1D12AB052B40075203C /* Manager */ = {
			isa = PBXGroup;
			children = (
				CC0BF1DC2AB1B6880075203C /* YoutubeRequest.swift */,
				CC0BF1D82AB1B1300075203C /* HTTPClientManager.swift */,
				CC963C092AB7F8BE0047EEFA /* FirestoreManager.swift */,
				CC1CCA642AC2B4B80010C63C /* StorageManager.swift */,
				CC755A8A2ACFD3D300B6CF1E /* UserInfoManager.swift */,
				CC755AA82AE4DF9B00B6CF1E /* LogInManager.swift */,
				CC963C162AB92F7D0047EEFA /* Delegate.swift */,
			);
			path = Manager;
			sourceTree = "<group>";
		};
		CC0BF1D42AB055450075203C /* Constants */ = {
			isa = PBXGroup;
			children = (
				CC0BF1D22AB0553D0075203C /* Constants.swift */,
			);
			path = Constants;
			sourceTree = "<group>";
		};
		CC0BF1E02AB1B8190075203C /* Model */ = {
			isa = PBXGroup;
			children = (
				CC0BF1DE2AB1B8130075203C /* Video.swift */,
				CC0331272ABDA6F900229900 /* Show.swift */,
				CC0BF1EB2AB2CA0A0075203C /* YoutubeData.swift */,
				CC963C072AB6F9A20047EEFA /* ChatData.swift */,
				CC755AD92AE61F8B00B6CF1E /* User.swift */,
			);
			path = Model;
			sourceTree = "<group>";
		};
		CC0BF1F32AB2F3B00075203C /* Helpers */ = {
			isa = PBXGroup;
			children = (
				CC0BF1FD2AB5E7BC0075203C /* BulletChat.swift */,
				CC963C1A2AB96B5C0047EEFA /* Observable.swift */,
				CC1CCA9E2ACE8C3D0010C63C /* KeychainItem.swift */,
				CC755A972AD923BE00B6CF1E /* TimeFormatter.swift */,
			);
			path = Helpers;
			sourceTree = "<group>";
		};
		CC0BF1F42AB418CA0075203C /* Cells */ = {
			isa = PBXGroup;
			children = (
				CC1CCA972AC9486A0010C63C /* ShowTableViewCell.swift */,
				CC1CCA8E2AC84E320010C63C /* Home */,
				CC1CCA902AC84E730010C63C /* Player */,
				CC1CCA8F2AC84E510010C63C /* Chatroom */,
				CC1CCA992ACAF78A0010C63C /* Profile */,
			);
			path = Cells;
			sourceTree = "<group>";
		};
		CC1CCA8E2AC84E320010C63C /* Home */ = {
			isa = PBXGroup;
			children = (
				CC0BF1F52AB418E40075203C /* HomeAnimationTableViewCell.swift */,
				CC0BF1F72AB441830075203C /* HomePageCollectionViewCell.swift */,
				CC0BF1F92AB446860075203C /* CollectionTableViewCell.swift */,
			);
			path = Home;
			sourceTree = "<group>";
		};
		CC1CCA8F2AC84E510010C63C /* Chatroom */ = {
			isa = PBXGroup;
			children = (
				CC963C0F2AB898F90047EEFA /* ChatroomTableViewCell.swift */,
			);
			path = Chatroom;
			sourceTree = "<group>";
		};
		CC1CCA902AC84E730010C63C /* Player */ = {
			isa = PBXGroup;
			children = (
				CC0331232ABD5DFF00229900 /* ChatroomButtonTableViewCell.swift */,
				CC03312B2AC16D5700229900 /* BulletChatTextFieldTableViewCell.swift */,
			);
			path = Player;
			sourceTree = "<group>";
		};
		CC1CCA992ACAF78A0010C63C /* Profile */ = {
			isa = PBXGroup;
			children = (
				CC1CCA9A2ACAF7BC0010C63C /* ProfileTitleTableViewCell.swift */,
				CC755A8C2ACFE73700B6CF1E /* SignInWithTableViewCell.swift */,
				CC755A8E2AD3038700B6CF1E /* DeleteTableViewCell.swift */,
			);
			path = Profile;
			sourceTree = "<group>";
		};
		CC755A992ADD80C100B6CF1E /* Supporting Files */ = {
			isa = PBXGroup;
			children = (
				CC0BF1B52AB00BF70075203C /* LaunchScreen.storyboard */,
				CC0BF1AC2AB00BF60075203C /* SceneDelegate.swift */,
				CC0BF1AA2AB00BF60075203C /* AppDelegate.swift */,
				CC0331252ABDA5F200229900 /* posDataToFirebase.swift */,
				CC0BF1E92AB1E4880075203C /* GoogleService-Info.plist */,
			);
			path = "Supporting Files";
			sourceTree = "<group>";
		};
		CC755A9A2ADD819A00B6CF1E /* Assets */ = {
			isa = PBXGroup;
			children = (
				CC755A9D2ADD840100B6CF1E /* notFound.json */,
				CC0BF1B32AB00BF70075203C /* Assets.xcassets */,
			);
			path = Assets;
			sourceTree = "<group>";
		};
		CC755AA32AE3912100B6CF1E /* Custom */ = {
			isa = PBXGroup;
			children = (
				CC0331292ABEE70700229900 /* CustomLabel.swift */,
				CC963C182AB951180047EEFA /* CustomButton.swift */,
				CC963C0D2AB84A260047EEFA /* CustomTextField.swift */,
				CC755AA62AE39C1C00B6CF1E /* CustomTableView.swift */,
			);
			path = Custom;
			sourceTree = "<group>";
		};
		CC755AD12AE614A000B6CF1E /* MonkeyTVUinitTests */ = {
			isa = PBXGroup;
			children = (
				CC755AD22AE614A100B6CF1E /* MonkeyTVUinitTests.swift */,
			);
			path = MonkeyTVUinitTests;
			sourceTree = "<group>";
		};
		CC755AE02AE64A8500B6CF1E /* MonkeyTVLogInTests */ = {
			isa = PBXGroup;
			children = (
				CC755AE12AE64A8500B6CF1E /* MonkeyTVLogInTests.swift */,
			);
			path = MonkeyTVLogInTests;
			sourceTree = "<group>";
		};
		CC755AED2AE65C2A00B6CF1E /* MonkeyTVPlayerPageTests */ = {
			isa = PBXGroup;
			children = (
				CC755AEE2AE65C2A00B6CF1E /* MonkeyTVPlayerPageTests.swift */,
				CC755AF02AE65C2A00B6CF1E /* MonkeyTVPlayerPageTestsLaunchTests.swift */,
			);
			path = MonkeyTVPlayerPageTests;
			sourceTree = "<group>";
		};
		CC963C1C2AB996BA0047EEFA /* ViewModel */ = {
			isa = PBXGroup;
			children = (
				CC963C1D2AB996D50047EEFA /* ChatroomViewModel.swift */,
			);
			path = ViewModel;
			sourceTree = "<group>";
		};
/* End PBXGroup section */

/* Begin PBXNativeTarget section */
		CC0BF1A62AB00BF60075203C /* MonkeyTV */ = {
			isa = PBXNativeTarget;
			buildConfigurationList = CC0BF1BB2AB00BF70075203C /* Build configuration list for PBXNativeTarget "MonkeyTV" */;
			buildPhases = (
				0E5E82C2319CE100B7CF6030 /* [CP] Check Pods Manifest.lock */,
				CC0BF1A32AB00BF60075203C /* Sources */,
				CC0BF1A42AB00BF60075203C /* Frameworks */,
				CC0BF1A52AB00BF60075203C /* Resources */,
				CC0BF1D72AB1A4610075203C /* Run Script */,
				52840DC1BC9DE97C954E66FB /* [CP] Embed Pods Frameworks */,
				CC755A902AD78D0A00B6CF1E /* Run Script */,
			);
			buildRules = (
			);
			dependencies = (
			);
			name = MonkeyTV;
			productName = MonkeyTV;
			productReference = CCAA41652AE76AD200F1510D /* MonkeyTV.app */;
			productType = "com.apple.product-type.application";
		};
/* End PBXNativeTarget section */

/* Begin PBXProject section */
		CC0BF19F2AB00BF60075203C /* Project object */ = {
			isa = PBXProject;
			attributes = {
				BuildIndependentTargetsInParallel = 1;
				KnownAssetTags = (
					New,
				);
				LastSwiftUpdateCheck = 1430;
				LastUpgradeCheck = 1430;
				TargetAttributes = {
					CC0BF1A62AB00BF60075203C = {
						CreatedOnToolsVersion = 14.3.1;
					};
				};
			};
			buildConfigurationList = CC0BF1A22AB00BF60075203C /* Build configuration list for PBXProject "MonkeyTV" */;
			compatibilityVersion = "Xcode 14.0";
			developmentRegion = en;
			hasScannedForEncodings = 0;
			knownRegions = (
				en,
				Base,
			);
			mainGroup = CC0BF19E2AB00BF60075203C;
			productRefGroup = CC0BF19E2AB00BF60075203C;
			projectDirPath = "";
			projectRoot = "";
			targets = (
				CC0BF1A62AB00BF60075203C /* MonkeyTV */,
			);
		};
/* End PBXProject section */

/* Begin PBXResourcesBuildPhase section */
		CC0BF1A52AB00BF60075203C /* Resources */ = {
			isa = PBXResourcesBuildPhase;
			buildActionMask = 2147483647;
			files = (
				CC0BF1B72AB00BF70075203C /* LaunchScreen.storyboard in Resources */,
				CC0BF1B42AB00BF70075203C /* Assets.xcassets in Resources */,
				CC755A9E2ADD840100B6CF1E /* notFound.json in Resources */,
				CC0BF1EA2AB1E4880075203C /* GoogleService-Info.plist in Resources */,
			);
			runOnlyForDeploymentPostprocessing = 0;
		};
/* End PBXResourcesBuildPhase section */

/* Begin PBXShellScriptBuildPhase section */
		0E5E82C2319CE100B7CF6030 /* [CP] Check Pods Manifest.lock */ = {
			isa = PBXShellScriptBuildPhase;
			buildActionMask = 2147483647;
			files = (
			);
			inputFileListPaths = (
			);
			inputPaths = (
				"${PODS_PODFILE_DIR_PATH}/Podfile.lock",
				"${PODS_ROOT}/Manifest.lock",
			);
			name = "[CP] Check Pods Manifest.lock";
			outputFileListPaths = (
			);
			outputPaths = (
				"$(DERIVED_FILE_DIR)/Pods-MonkeyTV-checkManifestLockResult.txt",
			);
			runOnlyForDeploymentPostprocessing = 0;
			shellPath = /bin/sh;
			shellScript = "diff \"${PODS_PODFILE_DIR_PATH}/Podfile.lock\" \"${PODS_ROOT}/Manifest.lock\" > /dev/null\nif [ $? != 0 ] ; then\n    # print error to STDERR\n    echo \"error: The sandbox is not in sync with the Podfile.lock. Run 'pod install' or update your CocoaPods installation.\" >&2\n    exit 1\nfi\n# This output is used by Xcode 'outputs' to avoid re-running this script phase.\necho \"SUCCESS\" > \"${SCRIPT_OUTPUT_FILE_0}\"\n";
			showEnvVarsInLog = 0;
		};
		52840DC1BC9DE97C954E66FB /* [CP] Embed Pods Frameworks */ = {
			isa = PBXShellScriptBuildPhase;
			buildActionMask = 2147483647;
			files = (
			);
			inputFileListPaths = (
				"${PODS_ROOT}/Target Support Files/Pods-MonkeyTV/Pods-MonkeyTV-frameworks-${CONFIGURATION}-input-files.xcfilelist",
			);
			name = "[CP] Embed Pods Frameworks";
			outputFileListPaths = (
				"${PODS_ROOT}/Target Support Files/Pods-MonkeyTV/Pods-MonkeyTV-frameworks-${CONFIGURATION}-output-files.xcfilelist",
			);
			runOnlyForDeploymentPostprocessing = 0;
			shellPath = /bin/sh;
			shellScript = "\"${PODS_ROOT}/Target Support Files/Pods-MonkeyTV/Pods-MonkeyTV-frameworks.sh\"\n";
			showEnvVarsInLog = 0;
		};
		CC0BF1D72AB1A4610075203C /* Run Script */ = {
			isa = PBXShellScriptBuildPhase;
			buildActionMask = 2147483647;
			files = (
			);
			inputFileListPaths = (
			);
			inputPaths = (
			);
			name = "Run Script";
			outputFileListPaths = (
			);
			outputPaths = (
			);
			runOnlyForDeploymentPostprocessing = 0;
			shellPath = /bin/sh;
			shellScript = "# Type a script or drag a script file from your workspace to insert its path.\n\"${PODS_ROOT}/SwiftLint/swiftlint\"\n";
		};
		CC755A902AD78D0A00B6CF1E /* Run Script */ = {
			isa = PBXShellScriptBuildPhase;
			buildActionMask = 2147483647;
			files = (
			);
			inputFileListPaths = (
			);
			inputPaths = (
				"${DWARF_DSYM_FOLDER_PATH}/${DWARF_DSYM_FILE_NAME}",
				"${DWARF_DSYM_FOLDER_PATH}/${DWARF_DSYM_FILE_NAME}/Contents/Resources/DWARF/${PRODUCT_NAME}",
				"${DWARF_DSYM_FOLDER_PATH}/${DWARF_DSYM_FILE_NAME}/Contents/Info.plist",
				"$(TARGET_BUILD_DIR)/$(UNLOCALIZED_RESOURCES_FOLDER_PATH)/GoogleService-Info.plist",
				"$(TARGET_BUILD_DIR)/$(EXECUTABLE_PATH)",
				"${DWARF_DSYM_FOLDER_PATH}/${DWARF_DSYM_FILE_NAME}/Contents/Resources/DWARF/${TARGET_NAME}",
				"$(SRCROOT)/$(BUILT_PRODUCTS_DIR)/$(INFOPLIST_PATH)",
			);
			name = "Run Script";
			outputFileListPaths = (
			);
			outputPaths = (
			);
			runOnlyForDeploymentPostprocessing = 0;
			shellPath = /bin/sh;
			shellScript = "# Type a script or drag a script file from your workspace to insert its path.\n${PODS_ROOT}/FirebaseCrashlytics/run\n";
		};
/* End PBXShellScriptBuildPhase section */

/* Begin PBXSourcesBuildPhase section */
		CC0BF1A32AB00BF60075203C /* Sources */ = {
			isa = PBXSourcesBuildPhase;
			buildActionMask = 2147483647;
			files = (
				CC0BF1FE2AB5E7BC0075203C /* BulletChat.swift in Sources */,
				CC0BF1CD2AB036BD0075203C /* PlayerViewController.swift in Sources */,
				CC0BF1C92AB02BBA0075203C /* UINavigationController+Extension.swift in Sources */,
				CC0BF1D92AB1B1300075203C /* HTTPClientManager.swift in Sources */,
				CC755A922AD7D06D00B6CF1E /* CopyRightViewController.swift in Sources */,
				CC0BF1AF2AB00BF60075203C /* SearchViewController.swift in Sources */,
				CC963C0E2AB84A260047EEFA /* CustomTextField.swift in Sources */,
				CC0BF1BF2AB010080075203C /* TabBarController.swift in Sources */,
				CC0BF1DD2AB1B6880075203C /* YoutubeRequest.swift in Sources */,
				CC963C122AB8A3190047EEFA /* UIColor+Extension.swift in Sources */,
				CC03312C2AC16D5700229900 /* BulletChatTextFieldTableViewCell.swift in Sources */,
				CC0BF1FA2AB446860075203C /* CollectionTableViewCell.swift in Sources */,
				CC1CCA892AC428C90010C63C /* String+Extension.swift in Sources */,
				CC0BF1C12AB0120B0075203C /* UIImage+Extension.swift in Sources */,
				CC0331262ABDA5F200229900 /* posDataToFirebase.swift in Sources */,
				CC0BF1EC2AB2CA0A0075203C /* YoutubeData.swift in Sources */,
				CC0BF1C72AB02AF80075203C /* FavoriteViewController.swift in Sources */,
				CC755A8B2ACFD3D300B6CF1E /* UserInfoManager.swift in Sources */,
				CC963C082AB6F9A20047EEFA /* ChatData.swift in Sources */,
				CC755AA92AE4DF9B00B6CF1E /* LogInManager.swift in Sources */,
				CC03312F2AC2B05B00229900 /* MyData.xcdatamodeld in Sources */,
				CC0BF1F82AB441830075203C /* HomePageCollectionViewCell.swift in Sources */,
				CC0BF1AB2AB00BF60075203C /* AppDelegate.swift in Sources */,
				CC1CCA9F2ACE8C3D0010C63C /* KeychainItem.swift in Sources */,
				CC963C0A2AB7F8BE0047EEFA /* FirestoreManager.swift in Sources */,
				CC0BF1D02AB03DC30075203C /* KingFisherWrapper.swift in Sources */,
				CC963C192AB951180047EEFA /* CustomButton.swift in Sources */,
				CC755A982AD923BE00B6CF1E /* TimeFormatter.swift in Sources */,
				CC755A942AD7E6FF00B6CF1E /* MJRefreshWrapper.swift in Sources */,
				CC0BF1E22AB1BAE20075203C /* Bundle+Extension.swift in Sources */,
				CC0BF1CB2AB02E010075203C /* ProfileViewController.swift in Sources */,
				CC0BF1AD2AB00BF60075203C /* SceneDelegate.swift in Sources */,
				CC1CCA9B2ACAF7BC0010C63C /* ProfileTitleTableViewCell.swift in Sources */,
				CC1CCA982AC9486A0010C63C /* ShowTableViewCell.swift in Sources */,
				CC963C1E2AB996D50047EEFA /* ChatroomViewModel.swift in Sources */,
				CC0BF1F62AB418E40075203C /* HomeAnimationTableViewCell.swift in Sources */,
				CC963C0C2AB835890047EEFA /* ChatroomViewController.swift in Sources */,
				CC755A8D2ACFE73700B6CF1E /* SignInWithTableViewCell.swift in Sources */,
				CC755A8F2AD3038700B6CF1E /* DeleteTableViewCell.swift in Sources */,
				CC963C102AB898F90047EEFA /* ChatroomTableViewCell.swift in Sources */,
				CC963C242ABAD6250047EEFA /* UIWindow+Extension.swift in Sources */,
				CC0BF1DF2AB1B8130075203C /* Video.swift in Sources */,
				CC755ADA2AE61F8B00B6CF1E /* User.swift in Sources */,
				CC755AA72AE39C1C00B6CF1E /* CustomTableView.swift in Sources */,
				CC03312A2ABEE70700229900 /* CustomLabel.swift in Sources */,
				CC0BF1C52AB014C10075203C /* HomeViewController.swift in Sources */,
				CC755AA52AE397C500B6CF1E /* UITableView+Extension.swift in Sources */,
				CC963C1B2AB96B5C0047EEFA /* Observable.swift in Sources */,
				CC1CCA652AC2B4B80010C63C /* StorageManager.swift in Sources */,
				CC963C172AB92F7D0047EEFA /* Delegate.swift in Sources */,
				CC0331282ABDA6F900229900 /* Show.swift in Sources */,
				CC755AA02AE24C5800B6CF1E /* UIAlertController+Extension.swift in Sources */,
				CC0331242ABD5DFF00229900 /* ChatroomButtonTableViewCell.swift in Sources */,
				CC0BF1D32AB0553D0075203C /* Constants.swift in Sources */,
			);
			runOnlyForDeploymentPostprocessing = 0;
		};
/* End PBXSourcesBuildPhase section */

/* Begin PBXVariantGroup section */
		CC0BF1B52AB00BF70075203C /* LaunchScreen.storyboard */ = {
			isa = PBXVariantGroup;
			children = (
				CC0BF1B62AB00BF70075203C /* Base */,
			);
			name = LaunchScreen.storyboard;
			sourceTree = "<group>";
		};
/* End PBXVariantGroup section */

/* Begin XCBuildConfiguration section */
		CC0BF1B92AB00BF70075203C /* Debug */ = {
			isa = XCBuildConfiguration;
			buildSettings = {
				ALWAYS_SEARCH_USER_PATHS = NO;
				CLANG_ANALYZER_NONNULL = YES;
				CLANG_ANALYZER_NUMBER_OBJECT_CONVERSION = YES_AGGRESSIVE;
				CLANG_CXX_LANGUAGE_STANDARD = "gnu++20";
				CLANG_ENABLE_MODULES = YES;
				CLANG_ENABLE_OBJC_ARC = YES;
				CLANG_ENABLE_OBJC_WEAK = YES;
				CLANG_WARN_BLOCK_CAPTURE_AUTORELEASING = YES;
				CLANG_WARN_BOOL_CONVERSION = YES;
				CLANG_WARN_COMMA = YES;
				CLANG_WARN_CONSTANT_CONVERSION = YES;
				CLANG_WARN_DEPRECATED_OBJC_IMPLEMENTATIONS = YES;
				CLANG_WARN_DIRECT_OBJC_ISA_USAGE = YES_ERROR;
				CLANG_WARN_DOCUMENTATION_COMMENTS = YES;
				CLANG_WARN_EMPTY_BODY = YES;
				CLANG_WARN_ENUM_CONVERSION = YES;
				CLANG_WARN_INFINITE_RECURSION = YES;
				CLANG_WARN_INT_CONVERSION = YES;
				CLANG_WARN_NON_LITERAL_NULL_CONVERSION = YES;
				CLANG_WARN_OBJC_IMPLICIT_RETAIN_SELF = YES;
				CLANG_WARN_OBJC_LITERAL_CONVERSION = YES;
				CLANG_WARN_OBJC_ROOT_CLASS = YES_ERROR;
				CLANG_WARN_QUOTED_INCLUDE_IN_FRAMEWORK_HEADER = YES;
				CLANG_WARN_RANGE_LOOP_ANALYSIS = YES;
				CLANG_WARN_STRICT_PROTOTYPES = YES;
				CLANG_WARN_SUSPICIOUS_MOVE = YES;
				CLANG_WARN_UNGUARDED_AVAILABILITY = YES_AGGRESSIVE;
				CLANG_WARN_UNREACHABLE_CODE = YES;
				CLANG_WARN__DUPLICATE_METHOD_MATCH = YES;
				COPY_PHASE_STRIP = NO;
				DEBUG_INFORMATION_FORMAT = "dwarf-with-dsym";
				ENABLE_STRICT_OBJC_MSGSEND = YES;
				ENABLE_TESTABILITY = YES;
				GCC_C_LANGUAGE_STANDARD = gnu11;
				GCC_DYNAMIC_NO_PIC = NO;
				GCC_NO_COMMON_BLOCKS = YES;
				GCC_OPTIMIZATION_LEVEL = 0;
				GCC_PREPROCESSOR_DEFINITIONS = (
					"DEBUG=1",
					"$(inherited)",
				);
				GCC_WARN_64_TO_32_BIT_CONVERSION = YES;
				GCC_WARN_ABOUT_RETURN_TYPE = YES_ERROR;
				GCC_WARN_UNDECLARED_SELECTOR = YES;
				GCC_WARN_UNINITIALIZED_AUTOS = YES_AGGRESSIVE;
				GCC_WARN_UNUSED_FUNCTION = YES;
				GCC_WARN_UNUSED_VARIABLE = YES;
				IPHONEOS_DEPLOYMENT_TARGET = 16.4;
				MTL_ENABLE_DEBUG_INFO = INCLUDE_SOURCE;
				MTL_FAST_MATH = YES;
				ONLY_ACTIVE_ARCH = YES;
				SDKROOT = iphoneos;
				SWIFT_ACTIVE_COMPILATION_CONDITIONS = DEBUG;
				SWIFT_OPTIMIZATION_LEVEL = "-Onone";
			};
			name = Debug;
		};
		CC0BF1BA2AB00BF70075203C /* Release */ = {
			isa = XCBuildConfiguration;
			buildSettings = {
				ALWAYS_SEARCH_USER_PATHS = NO;
				CLANG_ANALYZER_NONNULL = YES;
				CLANG_ANALYZER_NUMBER_OBJECT_CONVERSION = YES_AGGRESSIVE;
				CLANG_CXX_LANGUAGE_STANDARD = "gnu++20";
				CLANG_ENABLE_MODULES = YES;
				CLANG_ENABLE_OBJC_ARC = YES;
				CLANG_ENABLE_OBJC_WEAK = YES;
				CLANG_WARN_BLOCK_CAPTURE_AUTORELEASING = YES;
				CLANG_WARN_BOOL_CONVERSION = YES;
				CLANG_WARN_COMMA = YES;
				CLANG_WARN_CONSTANT_CONVERSION = YES;
				CLANG_WARN_DEPRECATED_OBJC_IMPLEMENTATIONS = YES;
				CLANG_WARN_DIRECT_OBJC_ISA_USAGE = YES_ERROR;
				CLANG_WARN_DOCUMENTATION_COMMENTS = YES;
				CLANG_WARN_EMPTY_BODY = YES;
				CLANG_WARN_ENUM_CONVERSION = YES;
				CLANG_WARN_INFINITE_RECURSION = YES;
				CLANG_WARN_INT_CONVERSION = YES;
				CLANG_WARN_NON_LITERAL_NULL_CONVERSION = YES;
				CLANG_WARN_OBJC_IMPLICIT_RETAIN_SELF = YES;
				CLANG_WARN_OBJC_LITERAL_CONVERSION = YES;
				CLANG_WARN_OBJC_ROOT_CLASS = YES_ERROR;
				CLANG_WARN_QUOTED_INCLUDE_IN_FRAMEWORK_HEADER = YES;
				CLANG_WARN_RANGE_LOOP_ANALYSIS = YES;
				CLANG_WARN_STRICT_PROTOTYPES = YES;
				CLANG_WARN_SUSPICIOUS_MOVE = YES;
				CLANG_WARN_UNGUARDED_AVAILABILITY = YES_AGGRESSIVE;
				CLANG_WARN_UNREACHABLE_CODE = YES;
				CLANG_WARN__DUPLICATE_METHOD_MATCH = YES;
				COPY_PHASE_STRIP = NO;
				DEBUG_INFORMATION_FORMAT = "dwarf-with-dsym";
				ENABLE_NS_ASSERTIONS = NO;
				ENABLE_STRICT_OBJC_MSGSEND = YES;
				GCC_C_LANGUAGE_STANDARD = gnu11;
				GCC_NO_COMMON_BLOCKS = YES;
				GCC_WARN_64_TO_32_BIT_CONVERSION = YES;
				GCC_WARN_ABOUT_RETURN_TYPE = YES_ERROR;
				GCC_WARN_UNDECLARED_SELECTOR = YES;
				GCC_WARN_UNINITIALIZED_AUTOS = YES_AGGRESSIVE;
				GCC_WARN_UNUSED_FUNCTION = YES;
				GCC_WARN_UNUSED_VARIABLE = YES;
				IPHONEOS_DEPLOYMENT_TARGET = 16.4;
				MTL_ENABLE_DEBUG_INFO = NO;
				MTL_FAST_MATH = YES;
				SDKROOT = iphoneos;
				SWIFT_COMPILATION_MODE = wholemodule;
				SWIFT_OPTIMIZATION_LEVEL = "-O";
				VALIDATE_PRODUCT = YES;
			};
			name = Release;
		};
		CC0BF1BC2AB00BF70075203C /* Debug */ = {
			isa = XCBuildConfiguration;
			baseConfigurationReference = 96BC0DE3366625A013AA3A3E /* Pods-MonkeyTV.debug.xcconfig */;
			buildSettings = {
				ASSETCATALOG_COMPILER_APPICON_NAME = AppIcon;
				ASSETCATALOG_COMPILER_GLOBAL_ACCENT_COLOR_NAME = AccentColor;
				CODE_SIGN_ENTITLEMENTS = MonkeyTV/MonkeyTV.entitlements;
				CODE_SIGN_STYLE = Automatic;
				CURRENT_PROJECT_VERSION = 1;
				DEBUG_INFORMATION_FORMAT = "dwarf-with-dsym";
				DEVELOPMENT_TEAM = VP4GBKDNYR;
				GENERATE_INFOPLIST_FILE = YES;
				INFOPLIST_FILE = MonkeyTV/Info.plist;
				INFOPLIST_KEY_UIApplicationSupportsIndirectInputEvents = YES;
				INFOPLIST_KEY_UILaunchStoryboardName = LaunchScreen;
				INFOPLIST_KEY_UISupportedInterfaceOrientations = "UIInterfaceOrientationLandscapeLeft UIInterfaceOrientationLandscapeRight UIInterfaceOrientationPortrait UIInterfaceOrientationPortraitUpsideDown";
				IPHONEOS_DEPLOYMENT_TARGET = 16.0;
				LD_RUNPATH_SEARCH_PATHS = (
					"$(inherited)",
					"@executable_path/Frameworks",
				);
				MARKETING_VERSION = 1.0.3;
				PRODUCT_BUNDLE_IDENTIFIER = KikiWang.MonkeyTV.com;
				PRODUCT_NAME = "$(TARGET_NAME)";
				SUPPORTED_PLATFORMS = "iphoneos iphonesimulator";
				SUPPORTS_MACCATALYST = NO;
				SUPPORTS_MAC_DESIGNED_FOR_IPHONE_IPAD = NO;
				SWIFT_EMIT_LOC_STRINGS = YES;
				SWIFT_VERSION = 5.0;
				TARGETED_DEVICE_FAMILY = 1;
			};
			name = Debug;
		};
		CC0BF1BD2AB00BF70075203C /* Release */ = {
			isa = XCBuildConfiguration;
			baseConfigurationReference = FF8BDDBFDFA3DCDE6647F563 /* Pods-MonkeyTV.release.xcconfig */;
			buildSettings = {
				ASSETCATALOG_COMPILER_APPICON_NAME = AppIcon;
				ASSETCATALOG_COMPILER_GLOBAL_ACCENT_COLOR_NAME = AccentColor;
				CODE_SIGN_ENTITLEMENTS = MonkeyTV/MonkeyTV.entitlements;
				CODE_SIGN_STYLE = Automatic;
				CURRENT_PROJECT_VERSION = 1;
				DEVELOPMENT_TEAM = VP4GBKDNYR;
				GENERATE_INFOPLIST_FILE = YES;
				INFOPLIST_FILE = MonkeyTV/Info.plist;
				INFOPLIST_KEY_UIApplicationSupportsIndirectInputEvents = YES;
				INFOPLIST_KEY_UILaunchStoryboardName = LaunchScreen;
				INFOPLIST_KEY_UISupportedInterfaceOrientations = "UIInterfaceOrientationLandscapeLeft UIInterfaceOrientationLandscapeRight UIInterfaceOrientationPortrait UIInterfaceOrientationPortraitUpsideDown";
				IPHONEOS_DEPLOYMENT_TARGET = 16.0;
				LD_RUNPATH_SEARCH_PATHS = (
					"$(inherited)",
					"@executable_path/Frameworks",
				);
				MARKETING_VERSION = 1.0.3;
				PRODUCT_BUNDLE_IDENTIFIER = KikiWang.MonkeyTV.com;
				PRODUCT_NAME = "$(TARGET_NAME)";
				SUPPORTED_PLATFORMS = "iphoneos iphonesimulator";
				SUPPORTS_MACCATALYST = NO;
				SUPPORTS_MAC_DESIGNED_FOR_IPHONE_IPAD = NO;
				SWIFT_EMIT_LOC_STRINGS = YES;
				SWIFT_VERSION = 5.0;
				TARGETED_DEVICE_FAMILY = 1;
			};
			name = Release;
		};
/* End XCBuildConfiguration section */

/* Begin XCConfigurationList section */
		CC0BF1A22AB00BF60075203C /* Build configuration list for PBXProject "MonkeyTV" */ = {
			isa = XCConfigurationList;
			buildConfigurations = (
				CC0BF1B92AB00BF70075203C /* Debug */,
				CC0BF1BA2AB00BF70075203C /* Release */,
			);
			defaultConfigurationIsVisible = 0;
			defaultConfigurationName = Release;
		};
		CC0BF1BB2AB00BF70075203C /* Build configuration list for PBXNativeTarget "MonkeyTV" */ = {
			isa = XCConfigurationList;
			buildConfigurations = (
				CC0BF1BC2AB00BF70075203C /* Debug */,
				CC0BF1BD2AB00BF70075203C /* Release */,
			);
			defaultConfigurationIsVisible = 0;
			defaultConfigurationName = Release;
		};
/* End XCConfigurationList section */

/* Begin XCVersionGroup section */
		CC03312D2AC2B05B00229900 /* MyData.xcdatamodeld */ = {
			isa = XCVersionGroup;
			children = (
				CC03312E2AC2B05B00229900 /* MyData.xcdatamodel */,
			);
			currentVersion = CC03312E2AC2B05B00229900 /* MyData.xcdatamodel */;
			path = MyData.xcdatamodeld;
			sourceTree = "<group>";
			versionGroupType = wrapper.xcdatamodel;
		};
/* End XCVersionGroup section */
	};
	rootObject = CC0BF19F2AB00BF60075203C /* Project object */;
}
